<?xml version="1.0" encoding="UTF-8" standalone="yes" ?>
<CodeBlocks_project_file>
	<FileVersion major="1" minor="6" />
	<Project>
		<Option title="wxMupen64Plus" />
		<Option pch_mode="2" />
		<Option compiler="gcc" />
		<Build>
			<Target title="Release">
				<Option output="bin\Release\wxMupen64Plus" prefix_auto="1" extension_auto="1" />
				<Option object_output="obj\Release\" />
				<Option type="0" />
				<Option compiler="gcc" />
				<Option projectLinkerOptionsRelation="2" />
				<Compiler>
					<Add option="-march=pentium-m" />
					<Add option="-w" />
					<Add option="-DWIN32" />
					<Add option="-DMINGW32" />
					<Add option="-D_UNICODE" />
					<Add option="-DUNICODE" />
					<Add directory="C:\Users\ZachThibeau\Documents\Wolfire\WX_2_9_1\lib\gcc_lib\mswu" />
					<Add directory="C:\MinGW\msys\1.0\sdl\include\SDL" />
					<Add directory="C:\mupen64plus-core\src\api" />
					<Add directory="C:\WxMupen64Plus\wxmupen64plus" />
					<Add directory="C:\Users\ZachThibeau\Documents\Wolfire\WX_2_9_1\include" />
				</Compiler>
				<ResourceCompiler>
					<Add directory="C:\Users\ZachThibeau\Documents\Wolfire\WX_2_9_1\lib\gcc_lib\mswu" />
					<Add directory="C:\MinGW\msys\1.0\sdl\include\SDL" />
					<Add directory="C:\mupen64plus-core\src\api" />
					<Add directory="C:\WxMupen64Plus\wxmupen64plus" />
					<Add directory="C:\Users\ZachThibeau\Documents\Wolfire\WX_2_9_1\include" />
				</ResourceCompiler>
				<Linker>
					<Add option="-s" />
					<Add library="C:\MinGW\msys\1.0\sdl\lib\libSDL.dll.a" />
					<Add library="C:\MinGW\msys\1.0\sdl\lib\libSDLmain.a" />
					<Add library="C:\Users\ZachThibeau\Documents\Wolfire\WX_2_9_1\lib\gcc_lib\libwxmsw29u.a" />
					<Add library="C:\Users\ZachThibeau\Documents\Wolfire\WX_2_9_1\lib\gcc_lib\libwxmsw29u_adv.a" />
					<Add library="C:\Users\ZachThibeau\Documents\Wolfire\WX_2_9_1\lib\gcc_lib\libwxmsw29u_aui.a" />
					<Add library="C:\Users\ZachThibeau\Documents\Wolfire\WX_2_9_1\lib\gcc_lib\libwxmsw29u_core.a" />
					<Add library="C:\Users\ZachThibeau\Documents\Wolfire\WX_2_9_1\lib\gcc_lib\libwxmsw29u_gl.a" />
					<Add library="C:\Users\ZachThibeau\Documents\Wolfire\WX_2_9_1\lib\gcc_lib\libwxmsw29u_html.a" />
					<Add library="C:\Users\ZachThibeau\Documents\Wolfire\WX_2_9_1\lib\gcc_lib\libwxmsw29u_media.a" />
					<Add library="C:\Users\ZachThibeau\Documents\Wolfire\WX_2_9_1\lib\gcc_lib\libwxmsw29u_propgrid.a" />
					<Add library="C:\Users\ZachThibeau\Documents\Wolfire\WX_2_9_1\lib\gcc_lib\libwxmsw29u_ribbon.a" />
					<Add library="C:\Users\ZachThibeau\Documents\Wolfire\WX_2_9_1\lib\gcc_lib\libwxmsw29u_richtext.a" />
					<Add library="C:\Users\ZachThibeau\Documents\Wolfire\WX_2_9_1\lib\gcc_lib\libwxmsw29u_stc.a" />
					<Add library="C:\Users\ZachThibeau\Documents\Wolfire\WX_2_9_1\lib\gcc_lib\libwxmsw29u_xrc.a" />
					<Add library="C:\Users\ZachThibeau\Documents\Wolfire\WX_2_9_1\lib\gcc_lib\libwxbase29u.a" />
					<Add library="C:\Users\ZachThibeau\Documents\Wolfire\WX_2_9_1\lib\gcc_lib\libwxbase29u_net.a" />
					<Add library="C:\Users\ZachThibeau\Documents\Wolfire\WX_2_9_1\lib\gcc_lib\libwxbase29u_xml.a" />
					<Add library="C:\Users\ZachThibeau\Documents\Wolfire\WX_2_9_1\lib\gcc_lib\libwxexpat.a" />
					<Add library="C:\Users\ZachThibeau\Documents\Wolfire\WX_2_9_1\lib\gcc_lib\libwxjpeg.a" />
					<Add library="C:\Users\ZachThibeau\Documents\Wolfire\WX_2_9_1\lib\gcc_lib\libwxpng.a" />
					<Add library="C:\Users\ZachThibeau\Documents\Wolfire\WX_2_9_1\lib\gcc_lib\libwxregexu.a" />
					<Add library="C:\Users\ZachThibeau\Documents\Wolfire\WX_2_9_1\lib\gcc_lib\libwxscintilla.a" />
					<Add library="C:\Users\ZachThibeau\Documents\Wolfire\WX_2_9_1\lib\gcc_lib\libwxtiff.a" />
					<Add library="C:\Users\ZachThibeau\Documents\Wolfire\WX_2_9_1\lib\gcc_lib\libwxzlib.a" />
					<Add directory="C:\Users\ZachThibeau\Documents\Wolfire\WX_2_9_1\lib\gcc_lib" />
				</Linker>
			</Target>
		</Build>
		<Compiler>
			<Add option="-pipe" />
			<Add option="-mthreads" />
			<Add option="-D__GNUWIN32__" />
			<Add option="-D__WXMSW__" />
			<Add option="-DwxUSE_UNICODE" />
			<Add directory="C:\Users\ZachThibeau\Documents\Wolfire\WX_2_9_1\include" />
		</Compiler>
		<ResourceCompiler>
			<Add directory="C:\Users\ZachThibeau\Documents\Wolfire\WX_2_9_1\include" />
		</ResourceCompiler>
		<Linker>
			<Add option="-mthreads" />
			<Add library="libkernel32.a" />
			<Add library="libuser32.a" />
			<Add library="libgdi32.a" />
			<Add library="libwinspool.a" />
			<Add library="libcomdlg32.a" />
			<Add library="libadvapi32.a" />
			<Add library="libshell32.a" />
			<Add library="libole32.a" />
			<Add library="liboleaut32.a" />
			<Add library="libuuid.a" />
			<Add library="libcomctl32.a" />
			<Add library="libwsock32.a" />
			<Add library="libodbc32.a" />
		</Linker>
		<Unit filename="gamespanel.cpp" />
		<Unit filename="gamespanel.h" />
		<Unit filename="main.cpp" />
		<Unit filename="main.h" />
		<Unit filename="mupen64plusplus\MupenAPI.c">
			<Option compilerVar="CC" />
		</Unit>
		<Unit filename="mupen64plusplus\MupenAPI.h" />
		<Unit filename="mupen64plusplus\MupenAPIpp.cpp" />
		<Unit filename="mupen64plusplus\MupenAPIpp.h" />
		<Unit filename="mupen64plusplus\osal_dynamiclib.h" />
		<Unit filename="mupen64plusplus\osal_dynamiclib_win32.c">
			<Option compilerVar="CC" />
		</Unit>
		<Unit filename="mupen64plusplus\osal_files.h" />
		<Unit filename="mupen64plusplus\osal_files_win32.c">
			<Option compilerVar="CC" />
		</Unit>
		<Unit filename="mupen64plusplus\osal_preproc.h" />
		<Unit filename="mupen64plusplus\plugin.c">
			<Option compilerVar="CC" />
		</Unit>
		<Unit filename="mupen64plusplus\plugin.h" />
		<Unit filename="mupen64plusplus\ptr_vector.hpp" />
		<Unit filename="mupen64plusplus\version.h" />
		<Unit filename="parameterpanel.cpp" />
		<Unit filename="parameterpanel.h" />
		<Unit filename="ptr_vector.hpp" />
		<Unit filename="sdlhelper.cpp" />
		<Unit filename="sdlhelper.h" />
		<Unit filename="sdlkeypicker.cpp" />
		<Unit filename="sdlkeypicker.h" />
		<Unit filename="wxMupen64plus.rc">
			<Option compilerVar="WINDRES" />
		</Unit>
		<Extensions>
			<code_completion />
			<envvars />
			<debugger />
			<lib_finder disable_auto="1" />
		</Extensions>
	</Project>
</CodeBlocks_project_file>
